
Microsoft Visual Studio Solution File, Format Version 12.00
# Visual Studio 15
VisualStudioVersion = 15.0.27428.2005
MinimumVisualStudioVersion = 10.0.40219.1
Project("{FAE04EC0-301F-11D3-BF4B-00C04F79EFBC}") = "AudioToTextService.Core", "AudioToTextService.Core\AudioToTextService.Core.csproj", "{8ABE6AC4-71D1-46A5-8812-3892AB9C9F99}"
EndProject
Project("{FAE04EC0-301F-11D3-BF4B-00C04F79EFBC}") = "AudioToTextService.Utility", "AudioToTextService.Utility\AudioToTextService.Utility.csproj", "{43940224-4348-4095-85D2-BB5A59A7B6FE}"
EndProject
Global
	GlobalSection(SolutionConfigurationPlatforms) = preSolution
		Debug|Any CPU = Debug|Any CPU
		Release|Any CPU = Release|Any CPU
	EndGlobalSection
	GlobalSection(ProjectConfigurationPlatforms) = postSolution
		{8ABE6AC4-71D1-46A5-8812-3892AB9C9F99}.Debug|Any CPU.ActiveCfg = Debug|Any CPU
		{8ABE6AC4-71D1-46A5-8812-3892AB9C9F99}.Debug|Any CPU.Build.0 = Debug|Any CPU
		{8ABE6AC4-71D1-46A5-8812-3892AB9C9F99}.Release|Any CPU.ActiveCfg = Release|Any CPU
		{8ABE6AC4-71D1-46A5-8812-3892AB9C9F99}.Release|Any CPU.Build.0 = Release|Any CPU
		{43940224-4348-4095-85D2-BB5A59A7B6FE}.Debug|Any CPU.ActiveCfg = Debug|Any CPU
		{43940224-4348-4095-85D2-BB5A59A7B6FE}.Debug|Any CPU.Build.0 = Debug|Any CPU
		{43940224-4348-4095-85D2-BB5A59A7B6FE}.Release|Any CPU.ActiveCfg = Release|Any CPU
		{43940224-4348-4095-85D2-BB5A59A7B6FE}.Release|Any CPU.Build.0 = Release|Any CPU
	EndGlobalSection
	GlobalSection(SolutionProperties) = preSolution
		HideSolutionNode = FALSE
	EndGlobalSection
	GlobalSection(ExtensibilityGlobals) = postSolution
		SolutionGuid = {1AE5079D-04FF-4562-9ED8-517E54A10C5F}
	EndGlobalSection
EndGlobal
